PODS:
  - Alamofire (4.0.1)
  - ReactiveCocoa (5.0.0-alpha.3):
    - ReactiveSwift (~> 1.0.0-alpha.3)
  - ReactiveSwift (1.0.0-alpha.3):
    - Result (~> 3.0)
  - Result (3.0.0)
  - SnapKit (3.0.2)

DEPENDENCIES:
  - Alamofire (~> 4.0)
  - ReactiveCocoa (from `https://github.com/ReactiveCocoa/ReactiveCocoa.git`)
  - SnapKit (~> 3.0.2)

EXTERNAL SOURCES:
  ReactiveCocoa:
    :git: https://github.com/ReactiveCocoa/ReactiveCocoa.git

CHECKOUT OPTIONS:
  ReactiveCocoa:
    :commit: e13c94951d78d6d6aa587027b82372c9dcd599ff
    :git: https://github.com/ReactiveCocoa/ReactiveCocoa.git

SPEC CHECKSUMS:
  Alamofire: 7682d43245de14874acd142ec137b144aa1dd335
  ReactiveCocoa: 96e5ddab6fef4ca4a9759572490acec75f7b6d1d
  ReactiveSwift: d67b677f9574ba614d94022a88fcf456e77fa515
  Result: 1b3e431f37cbcd3ad89c6aa9ab0ae55515fae3b6
  SnapKit: 2e456761aa92d4d4067a7a5594c18769d451a8ad

PODFILE CHECKSUM: 18867e5b9ec870dc064135f4faa4463461184580

COCOAPODS: 1.1.1
